// !$*UTF8*$!
{
	archiveVersion = 1;
	classes = {
	};
	objectVersion = 56;
	objects = {

/* Begin PBXBuildFile section */
		10B45DCF2AFA9CF50048C525 /* LocationWeatherListView.swift in Sources */ = {isa = PBXBuildFile; fileRef = 10B45DCE2AFA9CF50048C525 /* LocationWeatherListView.swift */; };
		10B45DD12AFAC6930048C525 /* CurrentWeatherModel.swift in Sources */ = {isa = PBXBuildFile; fileRef = 10B45DD02AFAC6930048C525 /* CurrentWeatherModel.swift */; };
		10B45DD32AFACF750048C525 /* WeatherModel.swift in Sources */ = {isa = PBXBuildFile; fileRef = 10B45DD22AFACF750048C525 /* WeatherModel.swift */; };
		10B45DD72AFB2ECB0048C525 /* CurrentWeatherRowView.swift in Sources */ = {isa = PBXBuildFile; fileRef = 10B45DD62AFB2ECB0048C525 /* CurrentWeatherRowView.swift */; };
		10C69CC72AF433CD00A54479 /* AlgonquinWeatherApp.swift in Sources */ = {isa = PBXBuildFile; fileRef = 10C69CC62AF433CD00A54479 /* AlgonquinWeatherApp.swift */; };
		10C69CC92AF433CD00A54479 /* SearchLocationView.swift in Sources */ = {isa = PBXBuildFile; fileRef = 10C69CC82AF433CD00A54479 /* SearchLocationView.swift */; };
		10C69CCB2AF433CE00A54479 /* Assets.xcassets in Resources */ = {isa = PBXBuildFile; fileRef = 10C69CCA2AF433CE00A54479 /* Assets.xcassets */; };
		10C69CCF2AF433CE00A54479 /* Preview Assets.xcassets in Resources */ = {isa = PBXBuildFile; fileRef = 10C69CCE2AF433CE00A54479 /* Preview Assets.xcassets */; };
		10C69CD62AF4393200A54479 /* GeocodingModel.swift in Sources */ = {isa = PBXBuildFile; fileRef = 10C69CD52AF4393200A54479 /* GeocodingModel.swift */; };
		10C69CDC2AF4685F00A54479 /* LocationModel.swift in Sources */ = {isa = PBXBuildFile; fileRef = 10C69CDB2AF4685F00A54479 /* LocationModel.swift */; };
		10C69CDE2AF46A1F00A54479 /* GeocodingProvider.swift in Sources */ = {isa = PBXBuildFile; fileRef = 10C69CDD2AF46A1E00A54479 /* GeocodingProvider.swift */; };
		10C69CE62AF54DCD00A54479 /* current-forecast-request.sh in Resources */ = {isa = PBXBuildFile; fileRef = 10C69CE42AF54DCC00A54479 /* current-forecast-request.sh */; };
		10C69CE72AF54DCD00A54479 /* current-forecast-response.json in Resources */ = {isa = PBXBuildFile; fileRef = 10C69CE52AF54DCC00A54479 /* current-forecast-response.json */; };
		10CE50512AFD874200267920 /* WeatherService.swift in Sources */ = {isa = PBXBuildFile; fileRef = 10CE50502AFD874200267920 /* WeatherService.swift */; };
		10CE50542AFD876F00267920 /* OpenWeather.swift in Sources */ = {isa = PBXBuildFile; fileRef = 10CE50532AFD876F00267920 /* OpenWeather.swift */; };
		10CE50562AFD87A700267920 /* ErrorEnums.swift in Sources */ = {isa = PBXBuildFile; fileRef = 10CE50552AFD87A700267920 /* ErrorEnums.swift */; };
		10F8126A2AF97BA500EB27A0 /* Location.swift in Sources */ = {isa = PBXBuildFile; fileRef = 10F812692AF97BA500EB27A0 /* Location.swift */; };
/* End PBXBuildFile section */

/* Begin PBXFileReference section */
		10B45DCE2AFA9CF50048C525 /* LocationWeatherListView.swift */ = {isa = PBXFileReference; lastKnownFileType = sourcecode.swift; path = LocationWeatherListView.swift; sourceTree = "<group>"; };
		10B45DD02AFAC6930048C525 /* CurrentWeatherModel.swift */ = {isa = PBXFileReference; lastKnownFileType = sourcecode.swift; path = CurrentWeatherModel.swift; sourceTree = "<group>"; };
		10B45DD22AFACF750048C525 /* WeatherModel.swift */ = {isa = PBXFileReference; lastKnownFileType = sourcecode.swift; path = WeatherModel.swift; sourceTree = "<group>"; };
		10B45DD62AFB2ECB0048C525 /* CurrentWeatherRowView.swift */ = {isa = PBXFileReference; fileEncoding = 4; lastKnownFileType = sourcecode.swift; path = CurrentWeatherRowView.swift; sourceTree = "<group>"; };
		10C69CC32AF433CD00A54479 /* AlgonquinWeather.app */ = {isa = PBXFileReference; explicitFileType = wrapper.application; includeInIndex = 0; path = AlgonquinWeather.app; sourceTree = BUILT_PRODUCTS_DIR; };
		10C69CC62AF433CD00A54479 /* AlgonquinWeatherApp.swift */ = {isa = PBXFileReference; lastKnownFileType = sourcecode.swift; path = AlgonquinWeatherApp.swift; sourceTree = "<group>"; };
		10C69CC82AF433CD00A54479 /* SearchLocationView.swift */ = {isa = PBXFileReference; lastKnownFileType = sourcecode.swift; path = SearchLocationView.swift; sourceTree = "<group>"; };
		10C69CCA2AF433CE00A54479 /* Assets.xcassets */ = {isa = PBXFileReference; lastKnownFileType = folder.assetcatalog; path = Assets.xcassets; sourceTree = "<group>"; };
		10C69CCC2AF433CE00A54479 /* AlgonquinWeather.entitlements */ = {isa = PBXFileReference; lastKnownFileType = text.plist.entitlements; path = AlgonquinWeather.entitlements; sourceTree = "<group>"; };
		10C69CCE2AF433CE00A54479 /* Preview Assets.xcassets */ = {isa = PBXFileReference; lastKnownFileType = folder.assetcatalog; path = "Preview Assets.xcassets"; sourceTree = "<group>"; };
		10C69CD52AF4393200A54479 /* GeocodingModel.swift */ = {isa = PBXFileReference; lastKnownFileType = sourcecode.swift; path = GeocodingModel.swift; sourceTree = "<group>"; };
		10C69CDB2AF4685F00A54479 /* LocationModel.swift */ = {isa = PBXFileReference; lastKnownFileType = sourcecode.swift; path = LocationModel.swift; sourceTree = "<group>"; };
		10C69CDD2AF46A1E00A54479 /* GeocodingProvider.swift */ = {isa = PBXFileReference; fileEncoding = 4; lastKnownFileType = sourcecode.swift; path = GeocodingProvider.swift; sourceTree = "<group>"; };
		10C69CDF2AF48B0300A54479 /* Info.plist */ = {isa = PBXFileReference; lastKnownFileType = text.plist; path = Info.plist; sourceTree = "<group>"; };
		10C69CE42AF54DCC00A54479 /* current-forecast-request.sh */ = {isa = PBXFileReference; fileEncoding = 4; lastKnownFileType = text.script.sh; path = "current-forecast-request.sh"; sourceTree = "<group>"; };
		10C69CE52AF54DCC00A54479 /* current-forecast-response.json */ = {isa = PBXFileReference; fileEncoding = 4; lastKnownFileType = text.json; path = "current-forecast-response.json"; sourceTree = "<group>"; };
		10CE50502AFD874200267920 /* WeatherService.swift */ = {isa = PBXFileReference; fileEncoding = 4; lastKnownFileType = sourcecode.swift; path = WeatherService.swift; sourceTree = "<group>"; };
		10CE50532AFD876F00267920 /* OpenWeather.swift */ = {isa = PBXFileReference; lastKnownFileType = sourcecode.swift; path = OpenWeather.swift; sourceTree = "<group>"; };
		10CE50552AFD87A700267920 /* ErrorEnums.swift */ = {isa = PBXFileReference; lastKnownFileType = sourcecode.swift; path = ErrorEnums.swift; sourceTree = "<group>"; };
		10F812692AF97BA500EB27A0 /* Location.swift */ = {isa = PBXFileReference; lastKnownFileType = sourcecode.swift; path = Location.swift; sourceTree = "<group>"; };
/* End PBXFileReference section */

/* Begin PBXFrameworksBuildPhase section */
		10C69CC02AF433CD00A54479 /* Frameworks */ = {
			isa = PBXFrameworksBuildPhase;
			buildActionMask = 2147483647;
			files = (
			);
			runOnlyForDeploymentPostprocessing = 0;
		};
/* End PBXFrameworksBuildPhase section */

/* Begin PBXGroup section */
		10B45DD82AFB33F30048C525 /* SwiftData Models */ = {
			isa = PBXGroup;
			children = (
				10F812692AF97BA500EB27A0 /* Location.swift */,
			);
			path = "SwiftData Models";
			sourceTree = "<group>";
		};
		10C69CBA2AF433CD00A54479 = {
			isa = PBXGroup;
			children = (
				10C69CC52AF433CD00A54479 /* AlgonquinWeather */,
				10C69CC42AF433CD00A54479 /* Products */,
			);
			sourceTree = "<group>";
		};
		10C69CC42AF433CD00A54479 /* Products */ = {
			isa = PBXGroup;
			children = (
				10C69CC32AF433CD00A54479 /* AlgonquinWeather.app */,
			);
			name = Products;
			sourceTree = "<group>";
		};
		10C69CC52AF433CD00A54479 /* AlgonquinWeather */ = {
			isa = PBXGroup;
			children = (
				10C69CC62AF433CD00A54479 /* AlgonquinWeatherApp.swift */,
				10CE50552AFD87A700267920 /* ErrorEnums.swift */,
				10C69CE02AF48D8200A54479 /* Views */,
				10B45DD82AFB33F30048C525 /* SwiftData Models */,
				10C69CE12AF48D9F00A54479 /* Codable Models */,
				10C69CE22AF48E0900A54479 /* Aggregate Root Models */,
				10C69CE32AF48E6600A54479 /* Services */,
				10C69CE82AF54DE400A54479 /* Resources */,
				10C69CCA2AF433CE00A54479 /* Assets.xcassets */,
				10C69CDF2AF48B0300A54479 /* Info.plist */,
				10C69CCC2AF433CE00A54479 /* AlgonquinWeather.entitlements */,
				10C69CCD2AF433CE00A54479 /* Preview Content */,
			);
			path = AlgonquinWeather;
			sourceTree = "<group>";
		};
		10C69CCD2AF433CE00A54479 /* Preview Content */ = {
			isa = PBXGroup;
			children = (
				10C69CCE2AF433CE00A54479 /* Preview Assets.xcassets */,
			);
			path = "Preview Content";
			sourceTree = "<group>";
		};
		10C69CE02AF48D8200A54479 /* Views */ = {
			isa = PBXGroup;
			children = (
				10C69CC82AF433CD00A54479 /* SearchLocationView.swift */,
				10B45DCE2AFA9CF50048C525 /* LocationWeatherListView.swift */,
				10B45DD62AFB2ECB0048C525 /* CurrentWeatherRowView.swift */,
			);
			path = Views;
			sourceTree = "<group>";
		};
		10C69CE12AF48D9F00A54479 /* Codable Models */ = {
			isa = PBXGroup;
			children = (
				10C69CDB2AF4685F00A54479 /* LocationModel.swift */,
				10B45DD02AFAC6930048C525 /* CurrentWeatherModel.swift */,
			);
			path = "Codable Models";
			sourceTree = "<group>";
		};
		10C69CE22AF48E0900A54479 /* Aggregate Root Models */ = {
			isa = PBXGroup;
			children = (
				10C69CD52AF4393200A54479 /* GeocodingModel.swift */,
				10B45DD22AFACF750048C525 /* WeatherModel.swift */,
			);
			path = "Aggregate Root Models";
			sourceTree = "<group>";
		};
		10C69CE32AF48E6600A54479 /* Services */ = {
			isa = PBXGroup;
			children = (
				10CE50522AFD874E00267920 /* Open Weather */,
			);
			path = Services;
			sourceTree = "<group>";
		};
		10C69CE82AF54DE400A54479 /* Resources */ = {
			isa = PBXGroup;
			children = (
				10C69CE42AF54DCC00A54479 /* current-forecast-request.sh */,
				10C69CE52AF54DCC00A54479 /* current-forecast-response.json */,
			);
			path = Resources;
			sourceTree = "<group>";
		};
		10CE50522AFD874E00267920 /* Open Weather */ = {
			isa = PBXGroup;
			children = (
				10CE50532AFD876F00267920 /* OpenWeather.swift */,
				10C69CDD2AF46A1E00A54479 /* GeocodingProvider.swift */,
				10CE50502AFD874200267920 /* WeatherService.swift */,
			);
			path = "Open Weather";
			sourceTree = "<group>";
		};
/* End PBXGroup section */

/* Begin PBXNativeTarget section */
		10C69CC22AF433CD00A54479 /* AlgonquinWeather */ = {
			isa = PBXNativeTarget;
			buildConfigurationList = 10C69CD22AF433CE00A54479 /* Build configuration list for PBXNativeTarget "AlgonquinWeather" */;
			buildPhases = (
				10C69CBF2AF433CD00A54479 /* Sources */,
				10C69CC02AF433CD00A54479 /* Frameworks */,
				10C69CC12AF433CD00A54479 /* Resources */,
			);
			buildRules = (
			);
			dependencies = (
			);
			name = AlgonquinWeather;
			productName = AlgonquinWeather;
			productReference = 10C69CC32AF433CD00A54479 /* AlgonquinWeather.app */;
			productType = "com.apple.product-type.application";
		};
/* End PBXNativeTarget section */

/* Begin PBXProject section */
		10C69CBB2AF433CD00A54479 /* Project object */ = {
			isa = PBXProject;
			attributes = {
				BuildIndependentTargetsInParallel = 1;
				LastSwiftUpdateCheck = 1500;
				LastUpgradeCheck = 1500;
				TargetAttributes = {
					10C69CC22AF433CD00A54479 = {
						CreatedOnToolsVersion = 15.0.1;
					};
				};
			};
			buildConfigurationList = 10C69CBE2AF433CD00A54479 /* Build configuration list for PBXProject "AlgonquinWeather" */;
			compatibilityVersion = "Xcode 14.0";
			developmentRegion = en;
			hasScannedForEncodings = 0;
			knownRegions = (
				en,
				Base,
			);
			mainGroup = 10C69CBA2AF433CD00A54479;
			productRefGroup = 10C69CC42AF433CD00A54479 /* Products */;
			projectDirPath = "";
			projectRoot = "";
			targets = (
				10C69CC22AF433CD00A54479 /* AlgonquinWeather */,
			);
		};
/* End PBXProject section */

/* Begin PBXResourcesBuildPhase section */
		10C69CC12AF433CD00A54479 /* Resources */ = {
			isa = PBXResourcesBuildPhase;
			buildActionMask = 2147483647;
			files = (
				10C69CE62AF54DCD00A54479 /* current-forecast-request.sh in Resources */,
				10C69CE72AF54DCD00A54479 /* current-forecast-response.json in Resources */,
				10C69CCF2AF433CE00A54479 /* Preview Assets.xcassets in Resources */,
				10C69CCB2AF433CE00A54479 /* Assets.xcassets in Resources */,
			);
			runOnlyForDeploymentPostprocessing = 0;
		};
/* End PBXResourcesBuildPhase section */

/* Begin PBXSourcesBuildPhase section */
		10C69CBF2AF433CD00A54479 /* Sources */ = {
			isa = PBXSourcesBuildPhase;
			buildActionMask = 2147483647;
			files = (
				10CE50512AFD874200267920 /* WeatherService.swift in Sources */,
				10C69CDC2AF4685F00A54479 /* LocationModel.swift in Sources */,
				10C69CC92AF433CD00A54479 /* SearchLocationView.swift in Sources */,
				10C69CC72AF433CD00A54479 /* AlgonquinWeatherApp.swift in Sources */,
				10B45DCF2AFA9CF50048C525 /* LocationWeatherListView.swift in Sources */,
				10B45DD12AFAC6930048C525 /* CurrentWeatherModel.swift in Sources */,
				10CE50542AFD876F00267920 /* OpenWeather.swift in Sources */,
				10F8126A2AF97BA500EB27A0 /* Location.swift in Sources */,
				10C69CD62AF4393200A54479 /* GeocodingModel.swift in Sources */,
				10C69CDE2AF46A1F00A54479 /* GeocodingProvider.swift in Sources */,
				10CE50562AFD87A700267920 /* ErrorEnums.swift in Sources */,
				10B45DD72AFB2ECB0048C525 /* CurrentWeatherRowView.swift in Sources */,
				10B45DD32AFACF750048C525 /* WeatherModel.swift in Sources */,
			);
			runOnlyForDeploymentPostprocessing = 0;
		};
/* End PBXSourcesBuildPhase section */

/* Begin XCBuildConfiguration section */
		10C69CD02AF433CE00A54479 /* Debug */ = {
			isa = XCBuildConfiguration;
			buildSettings = {
				ALWAYS_SEARCH_USER_PATHS = NO;
				ASSETCATALOG_COMPILER_GENERATE_SWIFT_ASSET_SYMBOL_EXTENSIONS = YES;
				CLANG_ANALYZER_NONNULL = YES;
				CLANG_ANALYZER_NUMBER_OBJECT_CONVERSION = YES_AGGRESSIVE;
				CLANG_CXX_LANGUAGE_STANDARD = "gnu++20";
				CLANG_ENABLE_MODULES = YES;
				CLANG_ENABLE_OBJC_ARC = YES;
				CLANG_ENABLE_OBJC_WEAK = YES;
				CLANG_WARN_BLOCK_CAPTURE_AUTORELEASING = YES;
				CLANG_WARN_BOOL_CONVERSION = YES;
				CLANG_WARN_COMMA = YES;
				CLANG_WARN_CONSTANT_CONVERSION = YES;
				CLANG_WARN_DEPRECATED_OBJC_IMPLEMENTATIONS = YES;
				CLANG_WARN_DIRECT_OBJC_ISA_USAGE = YES_ERROR;
				CLANG_WARN_DOCUMENTATION_COMMENTS = YES;
				CLANG_WARN_EMPTY_BODY = YES;
				CLANG_WARN_ENUM_CONVERSION = YES;
				CLANG_WARN_INFINITE_RECURSION = YES;
				CLANG_WARN_INT_CONVERSION = YES;
				CLANG_WARN_NON_LITERAL_NULL_CONVERSION = YES;
				CLANG_WARN_OBJC_IMPLICIT_RETAIN_SELF = YES;
				CLANG_WARN_OBJC_LITERAL_CONVERSION = YES;
				CLANG_WARN_OBJC_ROOT_CLASS = YES_ERROR;
				CLANG_WARN_QUOTED_INCLUDE_IN_FRAMEWORK_HEADER = YES;
				CLANG_WARN_RANGE_LOOP_ANALYSIS = YES;
				CLANG_WARN_STRICT_PROTOTYPES = YES;
				CLANG_WARN_SUSPICIOUS_MOVE = YES;
				CLANG_WARN_UNGUARDED_AVAILABILITY = YES_AGGRESSIVE;
				CLANG_WARN_UNREACHABLE_CODE = YES;
				CLANG_WARN__DUPLICATE_METHOD_MATCH = YES;
				COPY_PHASE_STRIP = NO;
				DEBUG_INFORMATION_FORMAT = dwarf;
				ENABLE_STRICT_OBJC_MSGSEND = YES;
				ENABLE_TESTABILITY = YES;
				ENABLE_USER_SCRIPT_SANDBOXING = YES;
				GCC_C_LANGUAGE_STANDARD = gnu17;
				GCC_DYNAMIC_NO_PIC = NO;
				GCC_NO_COMMON_BLOCKS = YES;
				GCC_OPTIMIZATION_LEVEL = 0;
				GCC_PREPROCESSOR_DEFINITIONS = (
					"DEBUG=1",
					"$(inherited)",
				);
				GCC_WARN_64_TO_32_BIT_CONVERSION = YES;
				GCC_WARN_ABOUT_RETURN_TYPE = YES_ERROR;
				GCC_WARN_UNDECLARED_SELECTOR = YES;
				GCC_WARN_UNINITIALIZED_AUTOS = YES_AGGRESSIVE;
				GCC_WARN_UNUSED_FUNCTION = YES;
				GCC_WARN_UNUSED_VARIABLE = YES;
				LOCALIZATION_PREFERS_STRING_CATALOGS = YES;
				MTL_ENABLE_DEBUG_INFO = INCLUDE_SOURCE;
				MTL_FAST_MATH = YES;
				ONLY_ACTIVE_ARCH = YES;
				SWIFT_ACTIVE_COMPILATION_CONDITIONS = "DEBUG $(inherited)";
				SWIFT_OPTIMIZATION_LEVEL = "-Onone";
			};
			name = Debug;
		};
		10C69CD12AF433CE00A54479 /* Release */ = {
			isa = XCBuildConfiguration;
			buildSettings = {
				ALWAYS_SEARCH_USER_PATHS = NO;
				ASSETCATALOG_COMPILER_GENERATE_SWIFT_ASSET_SYMBOL_EXTENSIONS = YES;
				CLANG_ANALYZER_NONNULL = YES;
				CLANG_ANALYZER_NUMBER_OBJECT_CONVERSION = YES_AGGRESSIVE;
				CLANG_CXX_LANGUAGE_STANDARD = "gnu++20";
				CLANG_ENABLE_MODULES = YES;
				CLANG_ENABLE_OBJC_ARC = YES;
				CLANG_ENABLE_OBJC_WEAK = YES;
				CLANG_WARN_BLOCK_CAPTURE_AUTORELEASING = YES;
				CLANG_WARN_BOOL_CONVERSION = YES;
				CLANG_WARN_COMMA = YES;
				CLANG_WARN_CONSTANT_CONVERSION = YES;
				CLANG_WARN_DEPRECATED_OBJC_IMPLEMENTATIONS = YES;
				CLANG_WARN_DIRECT_OBJC_ISA_USAGE = YES_ERROR;
				CLANG_WARN_DOCUMENTATION_COMMENTS = YES;
				CLANG_WARN_EMPTY_BODY = YES;
				CLANG_WARN_ENUM_CONVERSION = YES;
				CLANG_WARN_INFINITE_RECURSION = YES;
				CLANG_WARN_INT_CONVERSION = YES;
				CLANG_WARN_NON_LITERAL_NULL_CONVERSION = YES;
				CLANG_WARN_OBJC_IMPLICIT_RETAIN_SELF = YES;
				CLANG_WARN_OBJC_LITERAL_CONVERSION = YES;
				CLANG_WARN_OBJC_ROOT_CLASS = YES_ERROR;
				CLANG_WARN_QUOTED_INCLUDE_IN_FRAMEWORK_HEADER = YES;
				CLANG_WARN_RANGE_LOOP_ANALYSIS = YES;
				CLANG_WARN_STRICT_PROTOTYPES = YES;
				CLANG_WARN_SUSPICIOUS_MOVE = YES;
				CLANG_WARN_UNGUARDED_AVAILABILITY = YES_AGGRESSIVE;
				CLANG_WARN_UNREACHABLE_CODE = YES;
				CLANG_WARN__DUPLICATE_METHOD_MATCH = YES;
				COPY_PHASE_STRIP = NO;
				DEBUG_INFORMATION_FORMAT = "dwarf-with-dsym";
				ENABLE_NS_ASSERTIONS = NO;
				ENABLE_STRICT_OBJC_MSGSEND = YES;
				ENABLE_USER_SCRIPT_SANDBOXING = YES;
				GCC_C_LANGUAGE_STANDARD = gnu17;
				GCC_NO_COMMON_BLOCKS = YES;
				GCC_WARN_64_TO_32_BIT_CONVERSION = YES;
				GCC_WARN_ABOUT_RETURN_TYPE = YES_ERROR;
				GCC_WARN_UNDECLARED_SELECTOR = YES;
				GCC_WARN_UNINITIALIZED_AUTOS = YES_AGGRESSIVE;
				GCC_WARN_UNUSED_FUNCTION = YES;
				GCC_WARN_UNUSED_VARIABLE = YES;
				LOCALIZATION_PREFERS_STRING_CATALOGS = YES;
				MTL_ENABLE_DEBUG_INFO = NO;
				MTL_FAST_MATH = YES;
				SWIFT_COMPILATION_MODE = wholemodule;
			};
			name = Release;
		};
		10C69CD32AF433CE00A54479 /* Debug */ = {
			isa = XCBuildConfiguration;
			buildSettings = {
				ASSETCATALOG_COMPILER_APPICON_NAME = AppIcon;
				ASSETCATALOG_COMPILER_GLOBAL_ACCENT_COLOR_NAME = AccentColor;
				CODE_SIGN_ENTITLEMENTS = AlgonquinWeather/AlgonquinWeather.entitlements;
				CODE_SIGN_STYLE = Automatic;
				CURRENT_PROJECT_VERSION = 1;
				DEVELOPMENT_ASSET_PATHS = "\"AlgonquinWeather/Preview Content\"";
				DEVELOPMENT_TEAM = 7G86QRLVBQ;
				ENABLE_HARDENED_RUNTIME = YES;
				ENABLE_PREVIEWS = YES;
				GENERATE_INFOPLIST_FILE = YES;
				INFOPLIST_FILE = AlgonquinWeather/Info.plist;
				"INFOPLIST_KEY_UIApplicationSceneManifest_Generation[sdk=iphoneos*]" = YES;
				"INFOPLIST_KEY_UIApplicationSceneManifest_Generation[sdk=iphonesimulator*]" = YES;
				"INFOPLIST_KEY_UIApplicationSupportsIndirectInputEvents[sdk=iphoneos*]" = YES;
				"INFOPLIST_KEY_UIApplicationSupportsIndirectInputEvents[sdk=iphonesimulator*]" = YES;
				"INFOPLIST_KEY_UILaunchScreen_Generation[sdk=iphoneos*]" = YES;
				"INFOPLIST_KEY_UILaunchScreen_Generation[sdk=iphonesimulator*]" = YES;
				"INFOPLIST_KEY_UIStatusBarStyle[sdk=iphoneos*]" = UIStatusBarStyleDefault;
				"INFOPLIST_KEY_UIStatusBarStyle[sdk=iphonesimulator*]" = UIStatusBarStyleDefault;
				INFOPLIST_KEY_UISupportedInterfaceOrientations_iPad = "UIInterfaceOrientationPortrait UIInterfaceOrientationPortraitUpsideDown UIInterfaceOrientationLandscapeLeft UIInterfaceOrientationLandscapeRight";
				INFOPLIST_KEY_UISupportedInterfaceOrientations_iPhone = "UIInterfaceOrientationPortrait UIInterfaceOrientationLandscapeLeft UIInterfaceOrientationLandscapeRight";
				IPHONEOS_DEPLOYMENT_TARGET = 17.0;
				LD_RUNPATH_SEARCH_PATHS = "@executable_path/Frameworks";
				"LD_RUNPATH_SEARCH_PATHS[sdk=macosx*]" = "@executable_path/../Frameworks";
				MACOSX_DEPLOYMENT_TARGET = 14.0;
				MARKETING_VERSION = 1.0;
				PRODUCT_BUNDLE_IDENTIFIER = com.criticalobjects.AlgonquinWeather;
				PRODUCT_NAME = "$(TARGET_NAME)";
				SDKROOT = auto;
				SUPPORTED_PLATFORMS = "iphoneos iphonesimulator macosx";
				SWIFT_EMIT_LOC_STRINGS = YES;
				SWIFT_VERSION = 5.0;
				TARGETED_DEVICE_FAMILY = "1,2";
			};
			name = Debug;
		};
		10C69CD42AF433CE00A54479 /* Release */ = {
			isa = XCBuildConfiguration;
			buildSettings = {
				ASSETCATALOG_COMPILER_APPICON_NAME = AppIcon;
				ASSETCATALOG_COMPILER_GLOBAL_ACCENT_COLOR_NAME = AccentColor;
				CODE_SIGN_ENTITLEMENTS = AlgonquinWeather/AlgonquinWeather.entitlements;
				CODE_SIGN_STYLE = Automatic;
				CURRENT_PROJECT_VERSION = 1;
				DEVELOPMENT_ASSET_PATHS = "\"AlgonquinWeather/Preview Content\"";
				DEVELOPMENT_TEAM = 7G86QRLVBQ;
				ENABLE_HARDENED_RUNTIME = YES;
				ENABLE_PREVIEWS = YES;
				GENERATE_INFOPLIST_FILE = YES;
				INFOPLIST_FILE = AlgonquinWeather/Info.plist;
				"INFOPLIST_KEY_UIApplicationSceneManifest_Generation[sdk=iphoneos*]" = YES;
				"INFOPLIST_KEY_UIApplicationSceneManifest_Generation[sdk=iphonesimulator*]" = YES;
				"INFOPLIST_KEY_UIApplicationSupportsIndirectInputEvents[sdk=iphoneos*]" = YES;
				"INFOPLIST_KEY_UIApplicationSupportsIndirectInputEvents[sdk=iphonesimulator*]" = YES;
				"INFOPLIST_KEY_UILaunchScreen_Generation[sdk=iphoneos*]" = YES;
				"INFOPLIST_KEY_UILaunchScreen_Generation[sdk=iphonesimulator*]" = YES;
				"INFOPLIST_KEY_UIStatusBarStyle[sdk=iphoneos*]" = UIStatusBarStyleDefault;
				"INFOPLIST_KEY_UIStatusBarStyle[sdk=iphonesimulator*]" = UIStatusBarStyleDefault;
				INFOPLIST_KEY_UISupportedInterfaceOrientations_iPad = "UIInterfaceOrientationPortrait UIInterfaceOrientationPortraitUpsideDown UIInterfaceOrientationLandscapeLeft UIInterfaceOrientationLandscapeRight";
				INFOPLIST_KEY_UISupportedInterfaceOrientations_iPhone = "UIInterfaceOrientationPortrait UIInterfaceOrientationLandscapeLeft UIInterfaceOrientationLandscapeRight";
				IPHONEOS_DEPLOYMENT_TARGET = 17.0;
				LD_RUNPATH_SEARCH_PATHS = "@executable_path/Frameworks";
				"LD_RUNPATH_SEARCH_PATHS[sdk=macosx*]" = "@executable_path/../Frameworks";
				MACOSX_DEPLOYMENT_TARGET = 14.0;
				MARKETING_VERSION = 1.0;
				PRODUCT_BUNDLE_IDENTIFIER = com.criticalobjects.AlgonquinWeather;
				PRODUCT_NAME = "$(TARGET_NAME)";
				SDKROOT = auto;
				SUPPORTED_PLATFORMS = "iphoneos iphonesimulator macosx";
				SWIFT_EMIT_LOC_STRINGS = YES;
				SWIFT_VERSION = 5.0;
				TARGETED_DEVICE_FAMILY = "1,2";
			};
			name = Release;
		};
/* End XCBuildConfiguration section */

/* Begin XCConfigurationList section */
		10C69CBE2AF433CD00A54479 /* Build configuration list for PBXProject "AlgonquinWeather" */ = {
			isa = XCConfigurationList;
			buildConfigurations = (
				10C69CD02AF433CE00A54479 /* Debug */,
				10C69CD12AF433CE00A54479 /* Release */,
			);
			defaultConfigurationIsVisible = 0;
			defaultConfigurationName = Release;
		};
		10C69CD22AF433CE00A54479 /* Build configuration list for PBXNativeTarget "AlgonquinWeather" */ = {
			isa = XCConfigurationList;
			buildConfigurations = (
				10C69CD32AF433CE00A54479 /* Debug */,
				10C69CD42AF433CE00A54479 /* Release */,
			);
			defaultConfigurationIsVisible = 0;
			defaultConfigurationName = Release;
		};
/* End XCConfigurationList section */
	};
	rootObject = 10C69CBB2AF433CD00A54479 /* Project object */;
}
